{
    "_readme": [
        "This file locks the dependencies of your project to a known state",
        "Read more about it at https://getcomposer.org/doc/01-basic-usage.md#installing-dependencies",
        "This file is @generated automatically"
    ],
    "content-hash": "9bd94a778e3830ed20ed9ab882037cc6",
    "packages": [
        {
            "name": "automattic/jetpack-a8c-mc-stats",
            "version": "v1.4.21",
            "source": {
                "type": "git",
                "url": "https://github.com/Automattic/jetpack-a8c-mc-stats.git",
                "reference": "c6ed99f2f383b24e1b49204de2be67fe014a55b1"
            },
            "dist": {
                "type": "zip",
                "url": "https://api.github.com/repos/Automattic/jetpack-a8c-mc-stats/zipball/c6ed99f2f383b24e1b49204de2be67fe014a55b1",
                "reference": "c6ed99f2f383b24e1b49204de2be67fe014a55b1",
                "shasum": ""
            },
            "require-dev": {
                "automattic/jetpack-changelogger": "^3.3.8",
                "yoast/phpunit-polyfills": "1.1.0"
            },
            "suggest": {
                "automattic/jetpack-autoloader": "Allow for better interoperability with other plugins that use this package."
            },
            "type": "jetpack-library",
            "extra": {
                "autotagger": true,
                "mirror-repo": "Automattic/jetpack-a8c-mc-stats",
                "changelogger": {
                    "link-template": "https://github.com/Automattic/jetpack-a8c-mc-stats/compare/v${old}...v${new}"
                },
                "branch-alias": {
                    "dev-trunk": "1.4.x-dev"
                }
            },
            "autoload": {
                "classmap": [
                    "src/"
                ]
            },
            "notification-url": "https://packagist.org/downloads/",
            "license": [
                "GPL-2.0-or-later"
            ],
            "description": "Used to record internal usage stats for Automattic. Not visible to site owners.",
            "support": {
                "source": "https://github.com/Automattic/jetpack-a8c-mc-stats/tree/v1.4.21"
            },
            "time": "2023-08-23T17:56:34+00:00"
        },
        {
            "name": "automattic/jetpack-admin-ui",
            "version": "v0.2.21",
            "source": {
                "type": "git",
                "url": "https://github.com/Automattic/jetpack-admin-ui.git",
                "reference": "ca7079662d4b8038ad3c21d4ea65ba077962d268"
            },
            "dist": {
                "type": "zip",
                "url": "https://api.github.com/repos/Automattic/jetpack-admin-ui/zipball/ca7079662d4b8038ad3c21d4ea65ba077962d268",
                "reference": "ca7079662d4b8038ad3c21d4ea65ba077962d268",
                "shasum": ""
            },
            "require-dev": {
                "automattic/jetpack-changelogger": "^3.3.8",
                "automattic/jetpack-logo": "^1.6.2",
                "automattic/wordbless": "dev-master",
                "yoast/phpunit-polyfills": "1.1.0"
            },
            "suggest": {
                "automattic/jetpack-autoloader": "Allow for better interoperability with other plugins that use this package."
            },
            "type": "jetpack-library",
            "extra": {
                "autotagger": true,
                "mirror-repo": "Automattic/jetpack-admin-ui",
                "textdomain": "jetpack-admin-ui",
                "changelogger": {
                    "link-template": "https://github.com/Automattic/jetpack-admin-ui/compare/${old}...${new}"
                },
                "branch-alias": {
                    "dev-trunk": "0.2.x-dev"
                },
                "version-constants": {
                    "::PACKAGE_VERSION": "src/class-admin-menu.php"
                }
            },
            "autoload": {
                "classmap": [
                    "src/"
                ]
            },
            "notification-url": "https://packagist.org/downloads/",
            "license": [
                "GPL-2.0-or-later"
            ],
            "description": "Generic Jetpack wp-admin UI elements",
            "support": {
                "source": "https://github.com/Automattic/jetpack-admin-ui/tree/v0.2.21"
            },
            "time": "2023-08-23T17:57:08+00:00"
        },
        {
            "name": "automattic/jetpack-assets",
            "version": "v1.18.9",
            "source": {
                "type": "git",
                "url": "https://github.com/Automattic/jetpack-assets.git",
                "reference": "0b35495bdbb5bc8da7101b3b148ce23ff8c8d144"
            },
            "dist": {
                "type": "zip",
                "url": "https://api.github.com/repos/Automattic/jetpack-assets/zipball/0b35495bdbb5bc8da7101b3b148ce23ff8c8d144",
                "reference": "0b35495bdbb5bc8da7101b3b148ce23ff8c8d144",
                "shasum": ""
            },
            "require": {
                "automattic/jetpack-constants": "^1.6.23"
            },
            "require-dev": {
                "automattic/jetpack-changelogger": "^3.3.8",
                "brain/monkey": "2.6.1",
                "wikimedia/testing-access-wrapper": "^1.0 || ^2.0",
                "yoast/phpunit-polyfills": "1.1.0"
            },
            "suggest": {
                "automattic/jetpack-autoloader": "Allow for better interoperability with other plugins that use this package."
            },
            "type": "jetpack-library",
            "extra": {
                "autotagger": true,
                "mirror-repo": "Automattic/jetpack-assets",
                "textdomain": "jetpack-assets",
                "changelogger": {
                    "link-template": "https://github.com/Automattic/jetpack-assets/compare/v${old}...v${new}"
                },
                "branch-alias": {
                    "dev-trunk": "1.18.x-dev"
                }
            },
            "autoload": {
                "files": [
                    "actions.php"
                ],
                "classmap": [
                    "src/"
                ]
            },
            "notification-url": "https://packagist.org/downloads/",
            "license": [
                "GPL-2.0-or-later"
            ],
            "description": "Asset management utilities for Jetpack ecosystem packages",
            "support": {
                "source": "https://github.com/Automattic/jetpack-assets/tree/v1.18.9"
            },
            "time": "2023-08-23T17:57:46+00:00"
        },
        {
            "name": "automattic/jetpack-connection",
            "version": "v1.57.1",
            "source": {
                "type": "git",
                "url": "https://github.com/Automattic/jetpack-connection.git",
                "reference": "8f6b6eca4279b7c8fdfb1987c096619610b06f0e"
            },
            "dist": {
                "type": "zip",
                "url": "https://api.github.com/repos/Automattic/jetpack-connection/zipball/8f6b6eca4279b7c8fdfb1987c096619610b06f0e",
                "reference": "8f6b6eca4279b7c8fdfb1987c096619610b06f0e",
                "shasum": ""
            },
            "require": {
                "automattic/jetpack-a8c-mc-stats": "^1.4.21",
                "automattic/jetpack-admin-ui": "^0.2.21",
                "automattic/jetpack-constants": "^1.6.23",
                "automattic/jetpack-redirect": "^1.7.26",
                "automattic/jetpack-roles": "^1.4.24",
                "automattic/jetpack-status": "^1.18.1"
            },
            "require-dev": {
                "automattic/jetpack-changelogger": "^3.3.8",
                "automattic/wordbless": "@dev",
                "brain/monkey": "2.6.1",
                "yoast/phpunit-polyfills": "1.1.0"
            },
            "suggest": {
                "automattic/jetpack-autoloader": "Allow for better interoperability with other plugins that use this package."
            },
            "type": "jetpack-library",
            "extra": {
                "autotagger": true,
                "mirror-repo": "Automattic/jetpack-connection",
                "textdomain": "jetpack-connection",
                "version-constants": {
                    "::PACKAGE_VERSION": "src/class-package-version.php"
                },
                "changelogger": {
                    "link-template": "https://github.com/Automattic/jetpack-connection/compare/v${old}...v${new}"
                },
                "branch-alias": {
                    "dev-trunk": "1.57.x-dev"
                }
            },
            "autoload": {
                "classmap": [
                    "legacy",
                    "src/",
                    "src/webhooks"
                ]
            },
            "notification-url": "https://packagist.org/downloads/",
            "license": [
                "GPL-2.0-or-later"
            ],
            "description": "Everything needed to connect to the Jetpack infrastructure",
            "support": {
                "source": "https://github.com/Automattic/jetpack-connection/tree/v1.57.1"
            },
            "time": "2023-08-23T17:57:39+00:00"
        },
        {
            "name": "automattic/jetpack-constants",
            "version": "v1.6.23",
            "source": {
                "type": "git",
                "url": "https://github.com/Automattic/jetpack-constants.git",
                "reference": "0825fb1fa94956f26adebc01be0d716a0fd3ade0"
            },
            "dist": {
                "type": "zip",
                "url": "https://api.github.com/repos/Automattic/jetpack-constants/zipball/0825fb1fa94956f26adebc01be0d716a0fd3ade0",
                "reference": "0825fb1fa94956f26adebc01be0d716a0fd3ade0",
                "shasum": ""
            },
            "require-dev": {
                "automattic/jetpack-changelogger": "^3.3.8",
                "brain/monkey": "2.6.1",
                "yoast/phpunit-polyfills": "1.1.0"
            },
            "suggest": {
                "automattic/jetpack-autoloader": "Allow for better interoperability with other plugins that use this package."
            },
            "type": "jetpack-library",
            "extra": {
                "autotagger": true,
                "mirror-repo": "Automattic/jetpack-constants",
                "changelogger": {
                    "link-template": "https://github.com/Automattic/jetpack-constants/compare/v${old}...v${new}"
                },
                "branch-alias": {
                    "dev-trunk": "1.6.x-dev"
                }
            },
            "autoload": {
                "classmap": [
                    "src/"
                ]
            },
            "notification-url": "https://packagist.org/downloads/",
            "license": [
                "GPL-2.0-or-later"
            ],
            "description": "A wrapper for defining constants in a more testable way.",
            "support": {
                "source": "https://github.com/Automattic/jetpack-constants/tree/v1.6.23"
            },
            "time": "2023-08-23T17:56:35+00:00"
        },
        {
            "name": "automattic/jetpack-identity-crisis",
            "version": "v0.10.2",
            "source": {
                "type": "git",
                "url": "https://github.com/Automattic/jetpack-identity-crisis.git",
                "reference": "c01e084bd0f01f08782e917ccacdfce1d048741d"
            },
            "dist": {
                "type": "zip",
                "url": "https://api.github.com/repos/Automattic/jetpack-identity-crisis/zipball/c01e084bd0f01f08782e917ccacdfce1d048741d",
                "reference": "c01e084bd0f01f08782e917ccacdfce1d048741d",
                "shasum": ""
            },
            "require": {
                "automattic/jetpack-assets": "^1.18.9",
                "automattic/jetpack-connection": "^1.57.1",
                "automattic/jetpack-constants": "^1.6.23",
                "automattic/jetpack-logo": "^1.6.2",
                "automattic/jetpack-status": "^1.18.1"
            },
            "require-dev": {
                "automattic/jetpack-changelogger": "^3.3.8",
                "automattic/wordbless": "@dev",
                "yoast/phpunit-polyfills": "1.1.0"
            },
            "suggest": {
                "automattic/jetpack-autoloader": "Allow for better interoperability with other plugins that use this package."
            },
            "type": "jetpack-library",
            "extra": {
                "autotagger": true,
                "mirror-repo": "Automattic/jetpack-identity-crisis",
                "textdomain": "jetpack-idc",
                "version-constants": {
                    "::PACKAGE_VERSION": "src/class-identity-crisis.php"
                },
                "changelogger": {
                    "link-template": "https://github.com/Automattic/jetpack-identity-crisis/compare/v${old}...v${new}"
                },
                "branch-alias": {
                    "dev-trunk": "0.10.x-dev"
                }
            },
            "autoload": {
                "classmap": [
                    "src/"
                ]
            },
            "notification-url": "https://packagist.org/downloads/",
            "license": [
                "GPL-2.0-or-later"
            ],
            "description": "Identity Crisis.",
            "support": {
                "source": "https://github.com/Automattic/jetpack-identity-crisis/tree/v0.10.2"
            },
            "time": "2023-08-23T17:58:14+00:00"
        },
        {
            "name": "automattic/jetpack-ip",
            "version": "v0.1.5",
            "source": {
                "type": "git",
                "url": "https://github.com/Automattic/jetpack-ip.git",
                "reference": "d2d6294369bdba793a963f9ee76f425bc77b4e0b"
            },
            "dist": {
                "type": "zip",
                "url": "https://api.github.com/repos/Automattic/jetpack-ip/zipball/d2d6294369bdba793a963f9ee76f425bc77b4e0b",
                "reference": "d2d6294369bdba793a963f9ee76f425bc77b4e0b",
                "shasum": ""
            },
            "require-dev": {
                "automattic/jetpack-changelogger": "^3.3.8",
                "brain/monkey": "2.6.1",
                "yoast/phpunit-polyfills": "1.1.0"
            },
            "suggest": {
                "automattic/jetpack-autoloader": "Allow for better interoperability with other plugins that use this package."
            },
            "type": "jetpack-library",
            "extra": {
                "autotagger": true,
                "mirror-repo": "Automattic/jetpack-ip",
                "changelogger": {
                    "link-template": "https://github.com/automattic/jetpack-ip/compare/v${old}...v${new}"
                },
                "branch-alias": {
                    "dev-trunk": "0.1.x-dev"
                },
                "textdomain": "jetpack-ip",
                "version-constants": {
                    "::PACKAGE_VERSION": "src/class-utils.php"
                }
            },
            "autoload": {
                "classmap": [
                    "src/"
                ]
            },
            "notification-url": "https://packagist.org/downloads/",
            "license": [
                "GPL-2.0-or-later"
            ],
            "description": "Utilities for working with IP addresses.",
            "support": {
                "source": "https://github.com/Automattic/jetpack-ip/tree/v0.1.5"
            },
            "time": "2023-08-23T17:56:31+00:00"
        },
        {
            "name": "automattic/jetpack-logo",
            "version": "v1.6.2",
            "source": {
                "type": "git",
                "url": "https://github.com/Automattic/jetpack-logo.git",
                "reference": "3143dc5c3c0f159ae8ed866e057bb0b67b6738af"
            },
            "dist": {
                "type": "zip",
                "url": "https://api.github.com/repos/Automattic/jetpack-logo/zipball/3143dc5c3c0f159ae8ed866e057bb0b67b6738af",
                "reference": "3143dc5c3c0f159ae8ed866e057bb0b67b6738af",
                "shasum": ""
            },
            "require-dev": {
                "automattic/jetpack-changelogger": "^3.3.8",
                "yoast/phpunit-polyfills": "1.1.0"
            },
            "suggest": {
                "automattic/jetpack-autoloader": "Allow for better interoperability with other plugins that use this package."
            },
            "type": "jetpack-library",
            "extra": {
                "autotagger": true,
                "mirror-repo": "Automattic/jetpack-logo",
                "changelogger": {
                    "link-template": "https://github.com/Automattic/jetpack-logo/compare/v${old}...v${new}"
                },
                "branch-alias": {
                    "dev-trunk": "1.6.x-dev"
                }
            },
            "autoload": {
                "classmap": [
                    "src/"
                ]
            },
            "notification-url": "https://packagist.org/downloads/",
            "license": [
                "GPL-2.0-or-later"
            ],
            "description": "A logo for Jetpack",
            "support": {
                "source": "https://github.com/Automattic/jetpack-logo/tree/v1.6.2"
            },
            "time": "2023-08-23T17:56:36+00:00"
        },
        {
            "name": "automattic/jetpack-password-checker",
            "version": "v0.2.14",
            "source": {
                "type": "git",
                "url": "https://github.com/Automattic/jetpack-password-checker.git",
                "reference": "e15e0e01e363c25c2c6b105f4388b4b7d6f7b1db"
            },
            "dist": {
                "type": "zip",
                "url": "https://api.github.com/repos/Automattic/jetpack-password-checker/zipball/e15e0e01e363c25c2c6b105f4388b4b7d6f7b1db",
                "reference": "e15e0e01e363c25c2c6b105f4388b4b7d6f7b1db",
                "shasum": ""
            },
            "require-dev": {
                "automattic/jetpack-changelogger": "^3.3.8",
                "automattic/wordbless": "@dev",
                "yoast/phpunit-polyfills": "1.1.0"
            },
            "suggest": {
                "automattic/jetpack-autoloader": "Allow for better interoperability with other plugins that use this package."
            },
            "type": "jetpack-library",
            "extra": {
                "autotagger": true,
                "mirror-repo": "Automattic/jetpack-password-checker",
                "textdomain": "jetpack-password-checker",
                "changelogger": {
                    "link-template": "https://github.com/Automattic/jetpack-password-checker/compare/v${old}...v${new}"
                },
                "branch-alias": {
                    "dev-trunk": "0.2.x-dev"
                }
            },
            "autoload": {
                "classmap": [
                    "src/"
                ]
            },
            "notification-url": "https://packagist.org/downloads/",
            "license": [
                "GPL-2.0-or-later"
            ],
            "description": "Password Checker.",
            "support": {
                "source": "https://github.com/Automattic/jetpack-password-checker/tree/v0.2.14"
            },
            "time": "2023-08-23T17:56:39+00:00"
        },
        {
            "name": "automattic/jetpack-redirect",
            "version": "v1.7.26",
            "source": {
                "type": "git",
                "url": "https://github.com/Automattic/jetpack-redirect.git",
                "reference": "c958a69a5fedfc3e95d5dd595a177e16e457e611"
            },
            "dist": {
                "type": "zip",
                "url": "https://api.github.com/repos/Automattic/jetpack-redirect/zipball/c958a69a5fedfc3e95d5dd595a177e16e457e611",
                "reference": "c958a69a5fedfc3e95d5dd595a177e16e457e611",
                "shasum": ""
            },
            "require": {
                "automattic/jetpack-status": "^1.18.1"
            },
            "require-dev": {
                "automattic/jetpack-changelogger": "^3.3.8",
                "brain/monkey": "2.6.1",
                "yoast/phpunit-polyfills": "1.1.0"
            },
            "suggest": {
                "automattic/jetpack-autoloader": "Allow for better interoperability with other plugins that use this package."
            },
            "type": "jetpack-library",
            "extra": {
                "autotagger": true,
                "mirror-repo": "Automattic/jetpack-redirect",
                "changelogger": {
                    "link-template": "https://github.com/Automattic/jetpack-redirect/compare/v${old}...v${new}"
                },
                "branch-alias": {
                    "dev-trunk": "1.7.x-dev"
                }
            },
            "autoload": {
                "classmap": [
                    "src/"
                ]
            },
            "notification-url": "https://packagist.org/downloads/",
            "license": [
                "GPL-2.0-or-later"
            ],
            "description": "Utilities to build URLs to the jetpack.com/redirect/ service",
            "support": {
                "source": "https://github.com/Automattic/jetpack-redirect/tree/v1.7.26"
            },
            "time": "2023-08-23T17:57:15+00:00"
        },
        {
            "name": "automattic/jetpack-roles",
            "version": "v1.4.24",
            "source": {
                "type": "git",
                "url": "https://github.com/Automattic/jetpack-roles.git",
                "reference": "7c5f339d79cba60c952715eafdebb9bcc095197f"
            },
            "dist": {
                "type": "zip",
                "url": "https://api.github.com/repos/Automattic/jetpack-roles/zipball/7c5f339d79cba60c952715eafdebb9bcc095197f",
                "reference": "7c5f339d79cba60c952715eafdebb9bcc095197f",
                "shasum": ""
            },
            "require-dev": {
                "automattic/jetpack-changelogger": "^3.3.8",
                "brain/monkey": "2.6.1",
                "yoast/phpunit-polyfills": "1.1.0"
            },
            "suggest": {
                "automattic/jetpack-autoloader": "Allow for better interoperability with other plugins that use this package."
            },
            "type": "jetpack-library",
            "extra": {
                "autotagger": true,
                "mirror-repo": "Automattic/jetpack-roles",
                "changelogger": {
                    "link-template": "https://github.com/Automattic/jetpack-roles/compare/v${old}...v${new}"
                },
                "branch-alias": {
                    "dev-trunk": "1.4.x-dev"
                }
            },
            "autoload": {
                "classmap": [
                    "src/"
                ]
            },
            "notification-url": "https://packagist.org/downloads/",
            "license": [
                "GPL-2.0-or-later"
            ],
            "description": "Utilities, related with user roles and capabilities.",
            "support": {
                "source": "https://github.com/Automattic/jetpack-roles/tree/v1.4.24"
            },
            "time": "2023-08-23T17:56:38+00:00"
        },
        {
            "name": "automattic/jetpack-status",
            "version": "v1.18.1",
            "source": {
                "type": "git",
                "url": "https://github.com/Automattic/jetpack-status.git",
                "reference": "f51789487cf59009b09441055615a13eb4b6aeac"
            },
            "dist": {
                "type": "zip",
                "url": "https://api.github.com/repos/Automattic/jetpack-status/zipball/f51789487cf59009b09441055615a13eb4b6aeac",
                "reference": "f51789487cf59009b09441055615a13eb4b6aeac",
                "shasum": ""
            },
            "require": {
                "automattic/jetpack-constants": "^1.6.23"
            },
            "require-dev": {
                "automattic/jetpack-changelogger": "^3.3.8",
                "automattic/jetpack-ip": "^0.1.5",
                "brain/monkey": "2.6.1",
                "yoast/phpunit-polyfills": "1.1.0"
            },
            "suggest": {
                "automattic/jetpack-autoloader": "Allow for better interoperability with other plugins that use this package."
            },
            "type": "jetpack-library",
            "extra": {
                "autotagger": true,
                "mirror-repo": "Automattic/jetpack-status",
                "changelogger": {
                    "link-template": "https://github.com/Automattic/jetpack-status/compare/v${old}...v${new}"
                },
                "branch-alias": {
                    "dev-trunk": "1.18.x-dev"
                }
            },
            "autoload": {
                "classmap": [
                    "src/"
                ]
            },
            "notification-url": "https://packagist.org/downloads/",
            "license": [
                "GPL-2.0-or-later"
            ],
            "description": "Used to retrieve information about the current status of Jetpack and the site overall.",
            "support": {
                "source": "https://github.com/Automattic/jetpack-status/tree/v1.18.1"
            },
            "time": "2023-08-23T17:57:11+00:00"
        },
        {
            "name": "automattic/jetpack-sync",
            "version": "v1.55.2",
            "source": {
                "type": "git",
                "url": "https://github.com/Automattic/jetpack-sync.git",
                "reference": "e04764b1185b4cb806a22b48b09bdfb788d535c5"
            },
            "dist": {
                "type": "zip",
                "url": "https://api.github.com/repos/Automattic/jetpack-sync/zipball/e04764b1185b4cb806a22b48b09bdfb788d535c5",
                "reference": "e04764b1185b4cb806a22b48b09bdfb788d535c5",
                "shasum": ""
            },
            "require": {
                "automattic/jetpack-connection": "^1.57.1",
                "automattic/jetpack-constants": "^1.6.23",
                "automattic/jetpack-identity-crisis": "^0.10.2",
                "automattic/jetpack-ip": "^0.1.5",
                "automattic/jetpack-password-checker": "^0.2.14",
                "automattic/jetpack-roles": "^1.4.24",
                "automattic/jetpack-status": "^1.18.1"
            },
            "require-dev": {
                "automattic/jetpack-changelogger": "^3.3.8",
                "automattic/wordbless": "@dev",
                "yoast/phpunit-polyfills": "1.1.0"
            },
            "suggest": {
                "automattic/jetpack-autoloader": "Allow for better interoperability with other plugins that use this package."
            },
            "type": "jetpack-library",
            "extra": {
                "autotagger": true,
                "mirror-repo": "Automattic/jetpack-sync",
                "textdomain": "jetpack-sync",
                "version-constants": {
                    "::PACKAGE_VERSION": "src/class-package-version.php"
                },
                "changelogger": {
                    "link-template": "https://github.com/Automattic/jetpack-sync/compare/v${old}...v${new}"
                },
                "branch-alias": {
                    "dev-trunk": "1.55.x-dev"
                }
            },
            "autoload": {
                "classmap": [
                    "src/"
                ]
            },
            "notification-url": "https://packagist.org/downloads/",
            "license": [
                "GPL-2.0-or-later"
            ],
            "description": "Everything needed to allow syncing to the WP.com infrastructure.",
            "support": {
                "source": "https://github.com/Automattic/jetpack-sync/tree/v1.55.2"
            },
            "time": "2023-08-28T11:54:45+00:00"
        }
    ],
    "packages-dev": [],
    "aliases": [],
    "minimum-stability": "stable",
    "stability-flags": [],
    "prefer-stable": false,
    "prefer-lowest": false,
    "platform": [],
    "platform-dev": [],
    "plugin-api-version": "2.0.0"
}
