{
    "_readme": [
        "This file locks the dependencies of your project to a known state",
        "Read more about it at https://getcomposer.org/doc/01-basic-usage.md#installing-dependencies",
        "This file is @generated automatically"
    ],
    "content-hash": "3a6027aaf32af0d0fa9a1fed39cebdcd",
    "packages": [],
    "packages-dev": [
        {
            "name": "cweagans/composer-patches",
            "version": "1.7.3",
            "source": {
                "type": "git",
                "url": "https://github.com/cweagans/composer-patches.git",
                "reference": "e190d4466fe2b103a55467dfa83fc2fecfcaf2db"
            },
            "dist": {
                "type": "zip",
                "url": "https://api.github.com/repos/cweagans/composer-patches/zipball/e190d4466fe2b103a55467dfa83fc2fecfcaf2db",
                "reference": "e190d4466fe2b103a55467dfa83fc2fecfcaf2db",
                "shasum": ""
            },
            "require": {
                "composer-plugin-api": "^1.0 || ^2.0",
                "php": ">=5.3.0"
            },
            "require-dev": {
                "composer/composer": "~1.0 || ~2.0",
                "phpunit/phpunit": "~4.6"
            },
            "type": "composer-plugin",
            "extra": {
                "class": "cweagans\\Composer\\Patches"
            },
            "autoload": {
                "psr-4": {
                    "cweagans\\Composer\\": "src"
                }
            },
            "notification-url": "https://packagist.org/downloads/",
            "license": [
                "BSD-3-Clause"
            ],
            "authors": [
                {
                    "name": "Cameron Eagans",
                    "email": "me@cweagans.net"
                }
            ],
            "description": "Provides a way to patch Composer packages.",
            "support": {
                "issues": "https://github.com/cweagans/composer-patches/issues",
                "source": "https://github.com/cweagans/composer-patches/tree/1.7.3"
            },
            "time": "2022-12-20T22:53:13+00:00"
        },
        {
            "name": "doctrine/deprecations",
            "version": "1.1.6",
            "source": {
                "type": "git",
                "url": "https://github.com/doctrine/deprecations.git",
                "reference": "d4fe3e6fd9bb9e72557a19674f44d8ac7db4c6ca"
            },
            "dist": {
                "type": "zip",
                "url": "https://api.github.com/repos/doctrine/deprecations/zipball/d4fe3e6fd9bb9e72557a19674f44d8ac7db4c6ca",
                "reference": "d4fe3e6fd9bb9e72557a19674f44d8ac7db4c6ca",
                "shasum": ""
            },
            "require": {
                "php": "^7.1 || ^8.0"
            },
            "conflict": {
                "phpunit/phpunit": "<=7.5 || >=14"
            },
            "require-dev": {
                "doctrine/coding-standard": "^9 || ^12 || ^14",
                "phpstan/phpstan": "1.4.10 || 2.1.30",
                "phpstan/phpstan-phpunit": "^1.0 || ^2",
                "phpunit/phpunit": "^7.5 || ^8.5 || ^9.6 || ^10.5 || ^11.5 || ^12.4 || ^13.0",
                "psr/log": "^1 || ^2 || ^3"
            },
            "suggest": {
                "psr/log": "Allows logging deprecations via PSR-3 logger implementation"
            },
            "type": "library",
            "autoload": {
                "psr-4": {
                    "Doctrine\\Deprecations\\": "src"
                }
            },
            "notification-url": "https://packagist.org/downloads/",
            "license": [
                "MIT"
            ],
            "description": "A small layer on top of trigger_error(E_USER_DEPRECATED) or PSR-3 logging with options to disable all deprecations or selectively for packages.",
            "homepage": "https://www.doctrine-project.org/",
            "support": {
                "issues": "https://github.com/doctrine/deprecations/issues",
                "source": "https://github.com/doctrine/deprecations/tree/1.1.6"
            },
            "time": "2026-02-07T07:09:04+00:00"
        },
        {
            "name": "erusev/parsedown",
            "version": "1.8.0-beta-7",
            "source": {
                "type": "git",
                "url": "https://github.com/erusev/parsedown.git",
                "reference": "fe7a50eceb4a3c867cc9fa9c0aa906b1067d1955"
            },
            "dist": {
                "type": "zip",
                "url": "https://api.github.com/repos/erusev/parsedown/zipball/fe7a50eceb4a3c867cc9fa9c0aa906b1067d1955",
                "reference": "fe7a50eceb4a3c867cc9fa9c0aa906b1067d1955",
                "shasum": ""
            },
            "require": {
                "ext-mbstring": "*",
                "php": ">=5.3.0"
            },
            "require-dev": {
                "phpunit/phpunit": "^4.8.35"
            },
            "type": "library",
            "autoload": {
                "psr-0": {
                    "Parsedown": ""
                }
            },
            "notification-url": "https://packagist.org/downloads/",
            "license": [
                "MIT"
            ],
            "authors": [
                {
                    "name": "Emanuil Rusev",
                    "email": "hello@erusev.com",
                    "homepage": "http://erusev.com"
                }
            ],
            "description": "Parser for Markdown.",
            "homepage": "http://parsedown.org",
            "keywords": [
                "markdown",
                "parser"
            ],
            "support": {
                "issues": "https://github.com/erusev/parsedown/issues",
                "source": "https://github.com/erusev/parsedown/tree/1.8.0-beta-7"
            },
            "time": "2019-03-17T18:47:21+00:00"
        },
        {
            "name": "nikic/php-parser",
            "version": "v5.3.1",
            "source": {
                "type": "git",
                "url": "https://github.com/nikic/PHP-Parser.git",
                "reference": "8eea230464783aa9671db8eea6f8c6ac5285794b"
            },
            "dist": {
                "type": "zip",
                "url": "https://api.github.com/repos/nikic/PHP-Parser/zipball/8eea230464783aa9671db8eea6f8c6ac5285794b",
                "reference": "8eea230464783aa9671db8eea6f8c6ac5285794b",
                "shasum": ""
            },
            "require": {
                "ext-ctype": "*",
                "ext-json": "*",
                "ext-tokenizer": "*",
                "php": ">=7.4"
            },
            "require-dev": {
                "ircmaxell/php-yacc": "^0.0.7",
                "phpunit/phpunit": "^9.0"
            },
            "bin": [
                "bin/php-parse"
            ],
            "type": "library",
            "extra": {
                "branch-alias": {
                    "dev-master": "5.0-dev"
                }
            },
            "autoload": {
                "psr-4": {
                    "PhpParser\\": "lib/PhpParser"
                }
            },
            "notification-url": "https://packagist.org/downloads/",
            "license": [
                "BSD-3-Clause"
            ],
            "authors": [
                {
                    "name": "Nikita Popov"
                }
            ],
            "description": "A PHP parser written in PHP",
            "keywords": [
                "parser",
                "php"
            ],
            "support": {
                "issues": "https://github.com/nikic/PHP-Parser/issues",
                "source": "https://github.com/nikic/PHP-Parser/tree/v5.3.1"
            },
            "time": "2024-10-08T18:51:32+00:00"
        },
        {
            "name": "phpdocumentor/reflection-common",
            "version": "2.2.0",
            "source": {
                "type": "git",
                "url": "https://github.com/phpDocumentor/ReflectionCommon.git",
                "reference": "1d01c49d4ed62f25aa84a747ad35d5a16924662b"
            },
            "dist": {
                "type": "zip",
                "url": "https://api.github.com/repos/phpDocumentor/ReflectionCommon/zipball/1d01c49d4ed62f25aa84a747ad35d5a16924662b",
                "reference": "1d01c49d4ed62f25aa84a747ad35d5a16924662b",
                "shasum": ""
            },
            "require": {
                "php": "^7.2 || ^8.0"
            },
            "type": "library",
            "extra": {
                "branch-alias": {
                    "dev-2.x": "2.x-dev"
                }
            },
            "autoload": {
                "psr-4": {
                    "phpDocumentor\\Reflection\\": "src/"
                }
            },
            "notification-url": "https://packagist.org/downloads/",
            "license": [
                "MIT"
            ],
            "authors": [
                {
                    "name": "Jaap van Otterdijk",
                    "email": "opensource@ijaap.nl"
                }
            ],
            "description": "Common reflection classes used by phpdocumentor to reflect the code structure",
            "homepage": "http://www.phpdoc.org",
            "keywords": [
                "FQSEN",
                "phpDocumentor",
                "phpdoc",
                "reflection",
                "static analysis"
            ],
            "support": {
                "issues": "https://github.com/phpDocumentor/ReflectionCommon/issues",
                "source": "https://github.com/phpDocumentor/ReflectionCommon/tree/2.x"
            },
            "time": "2020-06-27T09:03:43+00:00"
        },
        {
            "name": "phpdocumentor/reflection-docblock",
            "version": "5.5.1",
            "source": {
                "type": "git",
                "url": "https://github.com/phpDocumentor/ReflectionDocBlock.git",
                "reference": "0c70d2c566e899666f367ab7b80986beb3581e6f"
            },
            "dist": {
                "type": "zip",
                "url": "https://api.github.com/repos/phpDocumentor/ReflectionDocBlock/zipball/0c70d2c566e899666f367ab7b80986beb3581e6f",
                "reference": "0c70d2c566e899666f367ab7b80986beb3581e6f",
                "shasum": ""
            },
            "require": {
                "doctrine/deprecations": "^1.1",
                "ext-filter": "*",
                "php": "^7.4 || ^8.0",
                "phpdocumentor/reflection-common": "^2.2",
                "phpdocumentor/type-resolver": "^1.7",
                "phpstan/phpdoc-parser": "^1.7",
                "webmozart/assert": "^1.9.1"
            },
            "require-dev": {
                "mockery/mockery": "~1.3.5 || ~1.6.0",
                "phpstan/extension-installer": "^1.1",
                "phpstan/phpstan": "^1.8",
                "phpstan/phpstan-mockery": "^1.1",
                "phpstan/phpstan-webmozart-assert": "^1.2",
                "phpunit/phpunit": "^9.5",
                "psalm/phar": "^5.26"
            },
            "type": "library",
            "extra": {
                "branch-alias": {
                    "dev-master": "5.x-dev"
                }
            },
            "autoload": {
                "psr-4": {
                    "phpDocumentor\\Reflection\\": "src"
                }
            },
            "notification-url": "https://packagist.org/downloads/",
            "license": [
                "MIT"
            ],
            "authors": [
                {
                    "name": "Mike van Riel",
                    "email": "me@mikevanriel.com"
                },
                {
                    "name": "Jaap van Otterdijk",
                    "email": "opensource@ijaap.nl"
                }
            ],
            "description": "With this component, a library can provide support for annotations via DocBlocks or otherwise retrieve information that is embedded in a DocBlock.",
            "support": {
                "issues": "https://github.com/phpDocumentor/ReflectionDocBlock/issues",
                "source": "https://github.com/phpDocumentor/ReflectionDocBlock/tree/5.5.1"
            },
            "time": "2024-11-06T11:58:54+00:00"
        },
        {
            "name": "phpdocumentor/type-resolver",
            "version": "1.12.0",
            "source": {
                "type": "git",
                "url": "https://github.com/phpDocumentor/TypeResolver.git",
                "reference": "92a98ada2b93d9b201a613cb5a33584dde25f195"
            },
            "dist": {
                "type": "zip",
                "url": "https://api.github.com/repos/phpDocumentor/TypeResolver/zipball/92a98ada2b93d9b201a613cb5a33584dde25f195",
                "reference": "92a98ada2b93d9b201a613cb5a33584dde25f195",
                "shasum": ""
            },
            "require": {
                "doctrine/deprecations": "^1.0",
                "php": "^7.3 || ^8.0",
                "phpdocumentor/reflection-common": "^2.0",
                "phpstan/phpdoc-parser": "^1.18|^2.0"
            },
            "require-dev": {
                "ext-tokenizer": "*",
                "phpbench/phpbench": "^1.2",
                "phpstan/extension-installer": "^1.1",
                "phpstan/phpstan": "^1.8",
                "phpstan/phpstan-phpunit": "^1.1",
                "phpunit/phpunit": "^9.5",
                "rector/rector": "^0.13.9",
                "vimeo/psalm": "^4.25"
            },
            "type": "library",
            "extra": {
                "branch-alias": {
                    "dev-1.x": "1.x-dev"
                }
            },
            "autoload": {
                "psr-4": {
                    "phpDocumentor\\Reflection\\": "src"
                }
            },
            "notification-url": "https://packagist.org/downloads/",
            "license": [
                "MIT"
            ],
            "authors": [
                {
                    "name": "Mike van Riel",
                    "email": "me@mikevanriel.com"
                }
            ],
            "description": "A PSR-5 based resolver of Class names, Types and Structural Element Names",
            "support": {
                "issues": "https://github.com/phpDocumentor/TypeResolver/issues",
                "source": "https://github.com/phpDocumentor/TypeResolver/tree/1.12.0"
            },
            "time": "2025-11-21T15:09:14+00:00"
        },
        {
            "name": "phpstan/phpdoc-parser",
            "version": "1.33.0",
            "source": {
                "type": "git",
                "url": "https://github.com/phpstan/phpdoc-parser.git",
                "reference": "82a311fd3690fb2bf7b64d5c98f912b3dd746140"
            },
            "dist": {
                "type": "zip",
                "url": "https://api.github.com/repos/phpstan/phpdoc-parser/zipball/82a311fd3690fb2bf7b64d5c98f912b3dd746140",
                "reference": "82a311fd3690fb2bf7b64d5c98f912b3dd746140",
                "shasum": ""
            },
            "require": {
                "php": "^7.2 || ^8.0"
            },
            "require-dev": {
                "doctrine/annotations": "^2.0",
                "nikic/php-parser": "^4.15",
                "php-parallel-lint/php-parallel-lint": "^1.2",
                "phpstan/extension-installer": "^1.0",
                "phpstan/phpstan": "^1.5",
                "phpstan/phpstan-phpunit": "^1.1",
                "phpstan/phpstan-strict-rules": "^1.0",
                "phpunit/phpunit": "^9.5",
                "symfony/process": "^5.2"
            },
            "type": "library",
            "autoload": {
                "psr-4": {
                    "PHPStan\\PhpDocParser\\": [
                        "src/"
                    ]
                }
            },
            "notification-url": "https://packagist.org/downloads/",
            "license": [
                "MIT"
            ],
            "description": "PHPDoc parser with support for nullable, intersection and generic types",
            "support": {
                "issues": "https://github.com/phpstan/phpdoc-parser/issues",
                "source": "https://github.com/phpstan/phpdoc-parser/tree/1.33.0"
            },
            "time": "2024-10-13T11:25:22+00:00"
        },
        {
            "name": "webmozart/assert",
            "version": "1.12.1",
            "source": {
                "type": "git",
                "url": "https://github.com/webmozarts/assert.git",
                "reference": "9be6926d8b485f55b9229203f962b51ed377ba68"
            },
            "dist": {
                "type": "zip",
                "url": "https://api.github.com/repos/webmozarts/assert/zipball/9be6926d8b485f55b9229203f962b51ed377ba68",
                "reference": "9be6926d8b485f55b9229203f962b51ed377ba68",
                "shasum": ""
            },
            "require": {
                "ext-ctype": "*",
                "ext-date": "*",
                "ext-filter": "*",
                "php": "^7.2 || ^8.0"
            },
            "suggest": {
                "ext-intl": "",
                "ext-simplexml": "",
                "ext-spl": ""
            },
            "type": "library",
            "extra": {
                "branch-alias": {
                    "dev-master": "1.10-dev"
                }
            },
            "autoload": {
                "psr-4": {
                    "Webmozart\\Assert\\": "src/"
                }
            },
            "notification-url": "https://packagist.org/downloads/",
            "license": [
                "MIT"
            ],
            "authors": [
                {
                    "name": "Bernhard Schussek",
                    "email": "bschussek@gmail.com"
                }
            ],
            "description": "Assertions to validate method input/output with nice error messages.",
            "keywords": [
                "assert",
                "check",
                "validate"
            ],
            "support": {
                "issues": "https://github.com/webmozarts/assert/issues",
                "source": "https://github.com/webmozarts/assert/tree/1.12.1"
            },
            "time": "2025-10-29T15:56:20+00:00"
        },
        {
            "name": "wp-hooks/generator",
            "version": "1.0.2",
            "source": {
                "type": "git",
                "url": "https://github.com/wp-hooks/generator.git",
                "reference": "616dad61a9c50ba27d047035dcc5e8b4a1515d80"
            },
            "dist": {
                "type": "zip",
                "url": "https://api.github.com/repos/wp-hooks/generator/zipball/616dad61a9c50ba27d047035dcc5e8b4a1515d80",
                "reference": "616dad61a9c50ba27d047035dcc5e8b4a1515d80",
                "shasum": ""
            },
            "require": {
                "erusev/parsedown": "1.8.0-beta-7",
                "ext-libxml": "*",
                "nikic/php-parser": "5.3.1",
                "php": ">=8.3",
                "phpdocumentor/reflection-docblock": "5.5.1"
            },
            "replace": {
                "johnbillion/wp-hooks-generator": "*"
            },
            "require-dev": {
                "oomphinc/composer-installers-extender": "^2",
                "opis/json-schema": "2.3.0"
            },
            "bin": [
                "bin/wp-hooks-generator"
            ],
            "type": "library",
            "notification-url": "https://packagist.org/downloads/",
            "license": [
                "GPL-3.0-or-later"
            ],
            "authors": [
                {
                    "name": "John Blackbourn",
                    "homepage": "https://johnblackbourn.com/"
                }
            ],
            "description": "Generates a JSON representation of the WordPress actions and filters in your code",
            "support": {
                "issues": "https://github.com/wp-hooks/generator/issues",
                "source": "https://github.com/wp-hooks/generator/tree/1.0.2"
            },
            "funding": [
                {
                    "url": "https://github.com/sponsors/johnbillion",
                    "type": "github"
                }
            ],
            "time": "2026-05-22T10:32:18+00:00"
        }
    ],
    "aliases": [],
    "minimum-stability": "dev",
    "stability-flags": {},
    "prefer-stable": true,
    "prefer-lowest": false,
    "platform": {},
    "platform-dev": {},
    "platform-overrides": {
        "php": "8.3.0"
    },
    "plugin-api-version": "2.9.0"
}
