lockfileVersion: 5.4

specifiers:
  '@woocommerce/admin-e2e-tests': workspace:*
  '@woocommerce/api': workspace:*
  '@woocommerce/api-core-tests': workspace:*
  '@woocommerce/e2e-core-tests': workspace:*
  '@woocommerce/e2e-environment': workspace:*
  '@woocommerce/e2e-utils': workspace:*
  '@woocommerce/eslint-plugin': workspace:*
  add: ^2.0.6
  changelog: ^1.4.2
  pnpm: ^8.1.1
  run: ^1.4.0

dependencies:
  add: 2.0.6
  changelog: 1.4.2
  pnpm: 8.1.1
  run: 1.4.0

devDependencies:
  '@woocommerce/admin-e2e-tests': link:../../packages/js/admin-e2e-tests
  '@woocommerce/api': link:../../packages/js/api
  '@woocommerce/api-core-tests': link:../../packages/js/api-core-tests
  '@woocommerce/e2e-core-tests': link:../../packages/js/e2e-core-tests
  '@woocommerce/e2e-environment': link:../../packages/js/e2e-environment
  '@woocommerce/e2e-utils': link:../../packages/js/e2e-utils
  '@woocommerce/eslint-plugin': link:../../packages/js/eslint-plugin

packages:

  /add/2.0.6:
    resolution: {integrity: sha512-j5QzrmsokwWWp6kUcJQySpbG+xfOBqqKnup3OIk1pz+kB/80SLorZ9V8zHFLO92Lcd+hbvq8bT+zOGoPkmBV0Q==}
    dev: false

  /ajv/5.5.2:
    resolution: {integrity: sha512-Ajr4IcMXq/2QmMkEmSvxqfLN5zGmJ92gHXAeOXq1OekoH2rfDNsgdDoL2f7QaRCy7G/E6TpxBVdRuNraMztGHw==}
    dependencies:
      co: 4.6.0
      fast-deep-equal: 1.1.0
      fast-json-stable-stringify: 2.1.0
      json-schema-traverse: 0.3.1
    dev: false

  /ansi-styles/3.2.1:
    resolution: {integrity: sha512-VT0ZI6kZRdTh8YyJw3SMbYm/u+NqfsAxEpWO0Pf9sq8/e94WxxOpPKx9FR1FlyCtOVDNOQ+8ntlqFxiRc+r5qA==}
    engines: {node: '>=4'}
    dependencies:
      color-convert: 1.9.3
    dev: false

  /asn1/0.2.6:
    resolution: {integrity: sha512-ix/FxPn0MDjeyJ7i/yoHGFt/EX6LyNbxSEhPPXODPL+KB0VPk86UYfL0lMdy+KCnv+fmvIzySwaK5COwqVbWTQ==}
    dependencies:
      safer-buffer: 2.1.2
    dev: false

  /assert-plus/1.0.0:
    resolution: {integrity: sha512-NfJ4UzBCcQGLDlQq7nHxH+tv3kyZ0hHQqF5BO6J7tNJeP5do1llPr8dZ8zHonfhAu0PHAdMkSo+8o0wxg9lZWw==}
    engines: {node: '>=0.8'}
    dev: false

  /asynckit/0.4.0:
    resolution: {integrity: sha512-Oei9OH4tRh0YqU3GxhX79dM/mwVgvbZJaSNaRk+bshkj0S5cfHcgYakreBjrHwatXKbz+IoIdYLxrKim2MjW0Q==}
    dev: false

  /aws-sign2/0.7.0:
    resolution: {integrity: sha512-08kcGqnYf/YmjoRhfxyu+CLxBjUtHLXLXX/vUfx9l2LYzG3c1m61nrpyFUZI6zeS+Li/wWMMidD9KgrqtGq3mA==}
    dev: false

  /aws4/1.12.0:
    resolution: {integrity: sha512-NmWvPnx0F1SfrQbYwOi7OeaNGokp9XhzNioJ/CSBs8Qa4vxug81mhJEAVZwxXuBmYB5KDRfMq/F3RR0BIU7sWg==}
    dev: false

  /balanced-match/1.0.2:
    resolution: {integrity: sha512-3oSeUO0TMV67hN1AmbXsK4yaqU7tjiHlbxRDZOpH0KW9+CeX4bRAaX0Anxt0tx2MrpRpWwQaPwIlISEJhYU5Pw==}
    dev: false

  /bcrypt-pbkdf/1.0.2:
    resolution: {integrity: sha512-qeFIXtP4MSoi6NLqO12WfqARWWuCKi2Rn/9hJLEmtB5yTNr9DqFWkJRCf2qShWzPeAMRnOgCrq0sg/KLv5ES9w==}
    dependencies:
      tweetnacl: 0.14.5
    dev: false

  /boom/4.3.1:
    resolution: {integrity: sha512-FA8ZqcHBLjyFCPns8EsFTWxARi8iKzLfl3vXS1n1O6mlUpZvjXg9E+0Ys8mh7k/s8mHVpROgeoUmz4HadhPhAQ==}
    engines: {node: '>=4.0.0'}
    deprecated: This version has been deprecated in accordance with the hapi support policy (hapi.im/support). Please upgrade to the latest version to get the best features, bug fixes, and security patches. If you are unable to upgrade at this time, paid support is available for older versions (hapi.im/commercial).
    dependencies:
      hoek: 4.2.1
    dev: false

  /boom/5.2.0:
    resolution: {integrity: sha512-Z5BTk6ZRe4tXXQlkqftmsAUANpXmuwlsF5Oov8ThoMbQRzdGTA1ngYRW160GexgOgjsFOKJz0LYhoNi+2AMBUw==}
    engines: {node: '>=4.0.0'}
    deprecated: This version has been deprecated in accordance with the hapi support policy (hapi.im/support). Please upgrade to the latest version to get the best features, bug fixes, and security patches. If you are unable to upgrade at this time, paid support is available for older versions (hapi.im/commercial).
    dependencies:
      hoek: 4.2.1
    dev: false

  /brace-expansion/1.1.11:
    resolution: {integrity: sha512-iCuPHDFgrHX7H2vEI/5xpz07zSHB00TpugqhmYtVmMO6518mCuRMoOYFldEBl0g187ufozdaHgWKcYFb61qGiA==}
    dependencies:
      balanced-match: 1.0.2
      concat-map: 0.0.1
    dev: false

  /brace-expansion/2.0.1:
    resolution: {integrity: sha512-XnAIvQ8eM+kC6aULx6wuQiwVsnzsi9d3WxzV3FpWTGA19F621kwdbsAcFKXgKUHZWsy+mY6iL1sHTxWEFCytDA==}
    dependencies:
      balanced-match: 1.0.2
    dev: false

  /caseless/0.12.0:
    resolution: {integrity: sha512-4tYFyifaFfGacoiObjJegolkwSU4xQNGbVgUiNYVUxbQ2x2lUsFvY4hVgVzGiIe6WLOPqycWXA40l+PWsxthUw==}
    dev: false

  /chalk/2.3.0:
    resolution: {integrity: sha512-Az5zJR2CBujap2rqXGaJKaPHyJ0IrUimvYNX+ncCy8PJP4ltOGTrHUIo097ZaL2zMeKYpiCdqDvS6zdrTFok3Q==}
    engines: {node: '>=4'}
    dependencies:
      ansi-styles: 3.2.1
      escape-string-regexp: 1.0.5
      supports-color: 4.5.0
    dev: false

  /changelog/1.4.2:
    resolution: {integrity: sha512-iCtpcbKyWC++CDgl2Fu7yTkjmtz1mpbwa0NzT0elNcaJCjVldmU9nRfBRkMd/CkUFcuw7d9XxLUB2VUx54U4dg==}
    engines: {node: '>= 0.10.0'}
    hasBin: true
    dependencies:
      chalk: 2.3.0
      cli: 1.0.1
      github-url-from-git: 1.5.0
      has-color: 0.1.7
      lodash: 4.17.5
      moment: 2.20.1
      q: 1.5.1
      request: 2.83.0
      semver: 5.5.0
      wordwrap: 1.0.0
    dev: false

  /cli/1.0.1:
    resolution: {integrity: sha512-41U72MB56TfUMGndAKK8vJ78eooOD4Z5NOL4xEfjc0c23s+6EYKXlXsmACBVclLP1yOfWCgEganVzddVrSNoTg==}
    engines: {node: '>=0.2.5'}
    dependencies:
      exit: 0.1.2
      glob: 7.2.3
    dev: false

  /co/4.6.0:
    resolution: {integrity: sha512-QVb0dM5HvG+uaxitm8wONl7jltx8dqhfU33DcqtOZcLSVIKSDDLDi7+0LbAKiyI8hD9u42m2YxXSkMGWThaecQ==}
    engines: {iojs: '>= 1.0.0', node: '>= 0.12.0'}
    dev: false

  /color-convert/1.9.3:
    resolution: {integrity: sha512-QfAUtd+vFdAtFQcC8CCyYt1fYWxSqAiK2cSD6zDB8N3cpsEBAvRxp9zOGg6G/SHHJYAT88/az/IuDGALsNVbGg==}
    dependencies:
      color-name: 1.1.3
    dev: false

  /color-name/1.1.3:
    resolution: {integrity: sha512-72fSenhMw2HZMTVHeCA9KCmpEIbzWiQsjN+BHcBbS9vr1mtt+vJjPdksIBNUmKAW8TFUDPJK5SUU3QhE9NEXDw==}
    dev: false

  /combined-stream/1.0.8:
    resolution: {integrity: sha512-FQN4MRfuJeHf7cBbBMJFXhKSDq+2kAArBlmRBvcvFE5BB1HZKXtSFASDhdlz9zOYwxh8lDdnvmMOe/+5cdoEdg==}
    engines: {node: '>= 0.8'}
    dependencies:
      delayed-stream: 1.0.0
    dev: false

  /concat-map/0.0.1:
    resolution: {integrity: sha512-/Srv4dswyQNBfohGpz9o6Yb3Gz3SrUDqBH5rTuhGR7ahtlbYKnVxw2bCFMRljaA7EXHaXZ8wsHdodFvbkhKmqg==}
    dev: false

  /core-util-is/1.0.2:
    resolution: {integrity: sha512-3lqz5YjWTYnW6dlDa5TLaTCcShfar1e40rmcJVwCBJC6mWlFuj0eCHIElmG1g5kyuJ/GD+8Wn4FFCcz4gJPfaQ==}
    dev: false

  /cryptiles/3.1.4:
    resolution: {integrity: sha512-8I1sgZHfVwcSOY6mSGpVU3lw/GSIZvusg8dD2+OGehCJpOhQRLNcH0qb9upQnOH4XhgxxFJSg6E2kx95deb1Tw==}
    deprecated: This version has been deprecated in accordance with the hapi support policy (hapi.im/support). Please upgrade to the latest version to get the best features, bug fixes, and security patches. If you are unable to upgrade at this time, paid support is available for older versions (hapi.im/commercial).
    dependencies:
      boom: 5.2.0
    dev: false

  /dashdash/1.14.1:
    resolution: {integrity: sha512-jRFi8UDGo6j+odZiEpjazZaWqEal3w/basFjQHQEwVtZJGDpxbH1MeYluwCS8Xq5wmLJooDlMgvVarmWfGM44g==}
    engines: {node: '>=0.10'}
    dependencies:
      assert-plus: 1.0.0
    dev: false

  /delayed-stream/1.0.0:
    resolution: {integrity: sha512-ZySD7Nf91aLB0RxL4KGrKHBXl7Eds1DAmEdcoVawXnLD7SDhpNgtuII2aAkg7a7QS41jxPSZ17p4VdGnMHk3MQ==}
    engines: {node: '>=0.4.0'}
    dev: false

  /ecc-jsbn/0.1.2:
    resolution: {integrity: sha512-eh9O+hwRHNbG4BLTjEl3nw044CkGm5X6LoaCf7LPp7UU8Qrt47JYNi6nPX8xjW97TKGKm1ouctg0QSpZe9qrnw==}
    dependencies:
      jsbn: 0.1.1
      safer-buffer: 2.1.2
    dev: false

  /escape-string-regexp/1.0.5:
    resolution: {integrity: sha512-vbRorB5FUQWvla16U8R/qgaFIya2qGzwDrNmCZuYKrbdSUMG6I1ZCGQRefkRVhuOkIGVne7BQ35DSfo1qvJqFg==}
    engines: {node: '>=0.8.0'}
    dev: false

  /exit/0.1.2:
    resolution: {integrity: sha512-Zk/eNKV2zbjpKzrsQ+n1G6poVbErQxJ0LBOJXaKZ1EViLzH+hrLu9cdXI4zw9dBQJslwBEpbQ2P1oS7nDxs6jQ==}
    engines: {node: '>= 0.8.0'}
    dev: false

  /extend/3.0.2:
    resolution: {integrity: sha512-fjquC59cD7CyW6urNXK0FBufkZcoiGG80wTuPujX590cB5Ttln20E2UB4S/WARVqhXffZl2LNgS+gQdPIIim/g==}
    dev: false

  /extsprintf/1.3.0:
    resolution: {integrity: sha512-11Ndz7Nv+mvAC1j0ktTa7fAb0vLyGGX+rMHNBYQviQDGU0Hw7lhctJANqbPhu9nV9/izT/IntTgZ7Im/9LJs9g==}
    engines: {'0': node >=0.6.0}
    dev: false

  /fast-deep-equal/1.1.0:
    resolution: {integrity: sha512-fueX787WZKCV0Is4/T2cyAdM4+x1S3MXXOAhavE1ys/W42SHAPacLTQhucja22QBYrfGw50M2sRiXPtTGv9Ymw==}
    dev: false

  /fast-json-stable-stringify/2.1.0:
    resolution: {integrity: sha512-lhd/wF+Lk98HZoTCtlVraHtfh5XYijIjalXck7saUtuanSDyLMxnHhSXEDJqHxD7msR8D0uCmqlkwjCV8xvwHw==}
    dev: false

  /forever-agent/0.6.1:
    resolution: {integrity: sha512-j0KLYPhm6zeac4lz3oJ3o65qvgQCcPubiyotZrXqEaG4hNagNYO8qdlUrX5vwqv9ohqeT/Z3j6+yW067yWWdUw==}
    dev: false

  /form-data/2.3.3:
    resolution: {integrity: sha512-1lLKB2Mu3aGP1Q/2eCOx0fNbRMe7XdwktwOruhfqqd0rIJWwN4Dh+E3hrPSlDCXnSR7UtZ1N38rVXm+6+MEhJQ==}
    engines: {node: '>= 0.12'}
    dependencies:
      asynckit: 0.4.0
      combined-stream: 1.0.8
      mime-types: 2.1.35
    dev: false

  /fs.realpath/1.0.0:
    resolution: {integrity: sha512-OO0pH2lK6a0hZnAdau5ItzHPI6pUlvI7jMVnxUQRtw4owF2wk8lOSabtGDCTP4Ggrg2MbGnWO9X8K1t4+fGMDw==}
    dev: false

  /getpass/0.1.7:
    resolution: {integrity: sha512-0fzj9JxOLfJ+XGLhR8ze3unN0KZCgZwiSSDz168VERjK8Wl8kVSdcu2kspd4s4wtAa1y/qrVRiAA0WclVsu0ng==}
    dependencies:
      assert-plus: 1.0.0
    dev: false

  /github-url-from-git/1.5.0:
    resolution: {integrity: sha512-WWOec4aRI7YAykQ9+BHmzjyNlkfJFG8QLXnDTsLz/kZefq7qkzdfo4p6fkYYMIq1aj+gZcQs/1HQhQh3DPPxlQ==}
    dev: false

  /glob/7.2.3:
    resolution: {integrity: sha512-nFR0zLpU2YCaRxwoCJvL6UvCH2JFyFVIvwTLsIf21AuHlMskA1hhTdk+LlYJtOlYt9v6dvszD2BGRqBL+iQK9Q==}
    dependencies:
      fs.realpath: 1.0.0
      inflight: 1.0.6
      inherits: 2.0.4
      minimatch: 3.1.2
      once: 1.4.0
      path-is-absolute: 1.0.1
    dev: false

  /har-schema/2.0.0:
    resolution: {integrity: sha512-Oqluz6zhGX8cyRaTQlFMPw80bSJVG2x/cFb8ZPhUILGgHka9SsokCCOQgpveePerqidZOrT14ipqfJb7ILcW5Q==}
    engines: {node: '>=4'}
    dev: false

  /har-validator/5.0.3:
    resolution: {integrity: sha512-r7LZkP7Z6WMxj5zARzB9dSpIKu/sp0NfHIgtj6kmQXhEArNctjB5FEv/L2XfLdWqIocPT2QVt0LFOlEUioTBtQ==}
    engines: {node: '>=4'}
    deprecated: this library is no longer supported
    dependencies:
      ajv: 5.5.2
      har-schema: 2.0.0
    dev: false

  /has-color/0.1.7:
    resolution: {integrity: sha512-kaNz5OTAYYmt646Hkqw50/qyxP2vFnTVu5AQ1Zmk22Kk5+4Qx6BpO8+u7IKsML5fOsFk0ZT0AcCJNYwcvaLBvw==}
    engines: {node: '>=0.10.0'}
    dev: false

  /has-flag/2.0.0:
    resolution: {integrity: sha512-P+1n3MnwjR/Epg9BBo1KT8qbye2g2Ou4sFumihwt6I4tsUX7jnLcX4BTOSKg/B1ZrIYMN9FcEnG4x5a7NB8Eng==}
    engines: {node: '>=0.10.0'}
    dev: false

  /hawk/6.0.2:
    resolution: {integrity: sha512-miowhl2+U7Qle4vdLqDdPt9m09K6yZhkLDTWGoUiUzrQCn+mHHSmfJgAyGaLRZbPmTqfFFjRV1QWCW0VWUJBbQ==}
    engines: {node: '>=4.5.0'}
    deprecated: This module moved to @hapi/hawk. Please make sure to switch over as this distribution is no longer supported and may contain bugs and critical security issues.
    dependencies:
      boom: 4.3.1
      cryptiles: 3.1.4
      hoek: 4.2.1
      sntp: 2.1.0
    dev: false

  /hoek/4.2.1:
    resolution: {integrity: sha512-QLg82fGkfnJ/4iy1xZ81/9SIJiq1NGFUMGs6ParyjBZr6jW2Ufj/snDqTHixNlHdPNwN2RLVD0Pi3igeK9+JfA==}
    engines: {node: '>=4.0.0'}
    deprecated: This version has been deprecated in accordance with the hapi support policy (hapi.im/support). Please upgrade to the latest version to get the best features, bug fixes, and security patches. If you are unable to upgrade at this time, paid support is available for older versions (hapi.im/commercial).
    dev: false

  /http-signature/1.2.0:
    resolution: {integrity: sha512-CAbnr6Rz4CYQkLYUtSNXxQPUH2gK8f3iWexVlsnMeD+GjlsQ0Xsy1cOX+mN3dtxYomRy21CiOzU8Uhw6OwncEQ==}
    engines: {node: '>=0.8', npm: '>=1.3.7'}
    dependencies:
      assert-plus: 1.0.0
      jsprim: 1.4.2
      sshpk: 1.17.0
    dev: false

  /inflight/1.0.6:
    resolution: {integrity: sha512-k92I/b08q4wvFscXCLvqfsHCrjrF7yiXsQuIVvVE7N82W3+aqpzuUdBbfhWcy/FZR3/4IgflMgKLOsvPDrGCJA==}
    dependencies:
      once: 1.4.0
      wrappy: 1.0.2
    dev: false

  /inherits/2.0.4:
    resolution: {integrity: sha512-k/vGaX4/Yla3WzyMCvTQOXYeIHvqOKtnqBduzTHpzpQZzAskKMhZ2K+EnBiSM9zGSoIFeMpXKxa4dYeZIQqewQ==}
    dev: false

  /is-typedarray/1.0.0:
    resolution: {integrity: sha512-cyA56iCMHAh5CdzjJIa4aohJyeO1YbwLi3Jc35MmRU6poroFjIGZzUzupGiRPOjgHg9TLu43xbpwXk523fMxKA==}
    dev: false

  /isstream/0.1.2:
    resolution: {integrity: sha512-Yljz7ffyPbrLpLngrMtZ7NduUgVvi6wG9RJ9IUcyCd59YQ911PBJphODUcbOVbqYfxe1wuYf/LJ8PauMRwsM/g==}
    dev: false

  /jsbn/0.1.1:
    resolution: {integrity: sha512-UVU9dibq2JcFWxQPA6KCqj5O42VOmAY3zQUfEKxU0KpTGXwNoCjkX1e13eHNvw/xPynt6pU0rZ1htjWTNTSXsg==}
    dev: false

  /json-schema-traverse/0.3.1:
    resolution: {integrity: sha512-4JD/Ivzg7PoW8NzdrBSr3UFwC9mHgvI7Z6z3QGBsSHgKaRTUDmyZAAKJo2UbG1kUVfS9WS8bi36N49U1xw43DA==}
    dev: false

  /json-schema/0.4.0:
    resolution: {integrity: sha512-es94M3nTIfsEPisRafak+HDLfHXnKBhV3vU5eqPcS3flIWqcxJWgXHXiey3YrpaNsanY5ei1VoYEbOzijuq9BA==}
    dev: false

  /json-stringify-safe/5.0.1:
    resolution: {integrity: sha512-ZClg6AaYvamvYEE82d3Iyd3vSSIjQ+odgjaTzRuO3s7toCdFKczob2i0zCh7JE8kWn17yvAWhUVxvqGwUalsRA==}
    dev: false

  /jsprim/1.4.2:
    resolution: {integrity: sha512-P2bSOMAc/ciLz6DzgjVlGJP9+BrJWu5UDGK70C2iweC5QBIeFf0ZXRvGjEj2uYgrY2MkAAhsSWHDWlFtEroZWw==}
    engines: {node: '>=0.6.0'}
    dependencies:
      assert-plus: 1.0.0
      extsprintf: 1.3.0
      json-schema: 0.4.0
      verror: 1.10.0
    dev: false

  /lodash/4.17.5:
    resolution: {integrity: sha512-svL3uiZf1RwhH+cWrfZn3A4+U58wbP0tGVTLQPbjplZxZ8ROD9VLuNgsRniTlLe7OlSqR79RUehXgpBW/s0IQw==}
    dev: false

  /mime-db/1.52.0:
    resolution: {integrity: sha512-sPU4uV7dYlvtWJxwwxHD0PuihVNiE7TyAbQ5SWxDCB9mUYvOgroQOwYQQOKPJ8CIbE+1ETVlOoK1UC2nU3gYvg==}
    engines: {node: '>= 0.6'}
    dev: false

  /mime-types/2.1.35:
    resolution: {integrity: sha512-ZDY+bPm5zTTF+YpCrAU9nK0UgICYPT0QtT1NZWFv4s++TNkcgVaT0g6+4R2uI4MjQjzysHB1zxuWL50hzaeXiw==}
    engines: {node: '>= 0.6'}
    dependencies:
      mime-db: 1.52.0
    dev: false

  /minimatch/3.1.2:
    resolution: {integrity: sha512-J7p63hRiAjw1NDEww1W7i37+ByIrOWO5XQQAzZ3VOcL0PNybwpfmV/N05zFAzwQ9USyEcX6t3UO+K5aqBQOIHw==}
    dependencies:
      brace-expansion: 1.1.11
    dev: false

  /minimatch/8.0.3:
    resolution: {integrity: sha512-tEEvU9TkZgnFDCtpnrEYnPsjT7iUx42aXfs4bzmQ5sMA09/6hZY0jeZcGkXyDagiBOvkUjNo8Viom+Me6+2x7g==}
    engines: {node: '>=16 || 14 >=14.17'}
    dependencies:
      brace-expansion: 2.0.1
    dev: false

  /moment/2.20.1:
    resolution: {integrity: sha512-Yh9y73JRljxW5QxN08Fner68eFLxM5ynNOAw2LbIB1YAGeQzZT8QFSUvkAz609Zf+IHhhaUxqZK8dG3W/+HEvg==}
    dev: false

  /oauth-sign/0.8.2:
    resolution: {integrity: sha512-VlF07iu3VV3+BTXj43Nmp6Irt/G7j/NgEctUS6IweH1RGhURjjCc2NWtzXFPXXWWfc7hgbXQdtiQu2LGp6MxUg==}
    dev: false

  /once/1.4.0:
    resolution: {integrity: sha512-lNaJgI+2Q5URQBkccEKHTQOPaXdUxnZZElQTZY0MFUAuaEqe1E+Nyvgdz/aIyNi6Z9MzO5dv1H8n58/GELp3+w==}
    dependencies:
      wrappy: 1.0.2
    dev: false

  /path-is-absolute/1.0.1:
    resolution: {integrity: sha512-AVbw3UJ2e9bq64vSaS9Am0fje1Pa8pbGqTTsmXfaIiMpnr5DlDhfJOuLj9Sf95ZPVDAUerDfEk88MPmPe7UCQg==}
    engines: {node: '>=0.10.0'}
    dev: false

  /performance-now/2.1.0:
    resolution: {integrity: sha512-7EAHlyLHI56VEIdK57uwHdHKIaAGbnXPiw0yWbarQZOKaKpvUIgW0jWRVLiatnM+XXlSwsanIBH/hzGMJulMow==}
    dev: false

  /pnpm/8.1.1:
    resolution: {integrity: sha512-XLzcc4O8YrqfQ1+qjPtHGDFcdUeno2Zk+kuuSc9CagIiY8y4uhnqQ2B7jW8tgwQDNmehewGZuqrAoskgCkbTnw==}
    engines: {node: '>=16.14'}
    hasBin: true
    dev: false

  /punycode/1.4.1:
    resolution: {integrity: sha512-jmYNElW7yvO7TV33CjSmvSiE2yco3bV2czu/OzDKdMNVZQWfxCblURLhf+47syQRBntjfLdd/H0egrzIG+oaFQ==}
    dev: false

  /q/1.5.1:
    resolution: {integrity: sha512-kV/CThkXo6xyFEZUugw/+pIOywXcDbFYgSct5cT3gqlbkBE1SJdwy6UQoZvodiWF/ckQLZyDE/Bu1M6gVu5lVw==}
    engines: {node: '>=0.6.0', teleport: '>=0.2.0'}
    dev: false

  /qs/6.5.3:
    resolution: {integrity: sha512-qxXIEh4pCGfHICj1mAJQ2/2XVZkjCDTcEgfoSQxc/fYivUZxTkk7L3bDBJSoNrEzXI17oUO5Dp07ktqE5KzczA==}
    engines: {node: '>=0.6'}
    dev: false

  /request/2.83.0:
    resolution: {integrity: sha512-lR3gD69osqm6EYLk9wB/G1W/laGWjzH90t1vEa2xuxHD5KUrSzp9pUSfTm+YC5Nxt2T8nMPEvKlhbQayU7bgFw==}
    engines: {node: '>= 4'}
    deprecated: request has been deprecated, see https://github.com/request/request/issues/3142
    dependencies:
      aws-sign2: 0.7.0
      aws4: 1.12.0
      caseless: 0.12.0
      combined-stream: 1.0.8
      extend: 3.0.2
      forever-agent: 0.6.1
      form-data: 2.3.3
      har-validator: 5.0.3
      hawk: 6.0.2
      http-signature: 1.2.0
      is-typedarray: 1.0.0
      isstream: 0.1.2
      json-stringify-safe: 5.0.1
      mime-types: 2.1.35
      oauth-sign: 0.8.2
      performance-now: 2.1.0
      qs: 6.5.3
      safe-buffer: 5.2.1
      stringstream: 0.0.6
      tough-cookie: 2.3.4
      tunnel-agent: 0.6.0
      uuid: 3.4.0
    dev: false

  /run/1.4.0:
    resolution: {integrity: sha512-962oBW07IjQ9SizyMHdoteVbDKt/e2nEsnTRZ0WjK/zs+jfQQICqH0qj0D5lqZNuy0JkbzfA6IOqw0Sk7C3DlQ==}
    engines: {node: '>=v0.9.0'}
    hasBin: true
    dependencies:
      minimatch: 8.0.3
    dev: false

  /safe-buffer/5.2.1:
    resolution: {integrity: sha512-rp3So07KcdmmKbGvgaNxQSJr7bGVSVk5S9Eq1F+ppbRo70+YeaDxkw5Dd8NPN+GD6bjnYm2VuPuCXmpuYvmCXQ==}
    dev: false

  /safer-buffer/2.1.2:
    resolution: {integrity: sha512-YZo3K82SD7Riyi0E1EQPojLz7kpepnSQI9IyPbHHg1XXXevb5dJI7tpyN2ADxGcQbHG7vcyRHk0cbwqcQriUtg==}
    dev: false

  /semver/5.5.0:
    resolution: {integrity: sha512-4SJ3dm0WAwWy/NVeioZh5AntkdJoWKxHxcmyP622fOkgHa4z3R0TdBJICINyaSDE6uNwVc8gZr+ZinwZAH4xIA==}
    hasBin: true
    dev: false

  /sntp/2.1.0:
    resolution: {integrity: sha512-FL1b58BDrqS3A11lJ0zEdnJ3UOKqVxawAkF3k7F0CVN7VQ34aZrV+G8BZ1WC9ZL7NyrwsW0oviwsWDgRuVYtJg==}
    engines: {node: '>=4.0.0'}
    deprecated: This module moved to @hapi/sntp. Please make sure to switch over as this distribution is no longer supported and may contain bugs and critical security issues.
    dependencies:
      hoek: 4.2.1
    dev: false

  /sshpk/1.17.0:
    resolution: {integrity: sha512-/9HIEs1ZXGhSPE8X6Ccm7Nam1z8KcoCqPdI7ecm1N33EzAetWahvQWVqLZtaZQ+IDKX4IyA2o0gBzqIMkAagHQ==}
    engines: {node: '>=0.10.0'}
    hasBin: true
    dependencies:
      asn1: 0.2.6
      assert-plus: 1.0.0
      bcrypt-pbkdf: 1.0.2
      dashdash: 1.14.1
      ecc-jsbn: 0.1.2
      getpass: 0.1.7
      jsbn: 0.1.1
      safer-buffer: 2.1.2
      tweetnacl: 0.14.5
    dev: false

  /stringstream/0.0.6:
    resolution: {integrity: sha512-87GEBAkegbBcweToUrdzf3eLhWNg06FJTebl4BVJz/JgWy8CvEr9dRtX5qWphiynMSQlxxi+QqN0z5T32SLlhA==}
    dev: false

  /supports-color/4.5.0:
    resolution: {integrity: sha512-ycQR/UbvI9xIlEdQT1TQqwoXtEldExbCEAJgRo5YXlmSKjv6ThHnP9/vwGa1gr19Gfw+LkFd7KqYMhzrRC5JYw==}
    engines: {node: '>=4'}
    dependencies:
      has-flag: 2.0.0
    dev: false

  /tough-cookie/2.3.4:
    resolution: {integrity: sha512-TZ6TTfI5NtZnuyy/Kecv+CnoROnyXn2DN97LontgQpCwsX2XyLYCC0ENhYkehSOwAp8rTQKc/NUIF7BkQ5rKLA==}
    engines: {node: '>=0.8'}
    dependencies:
      punycode: 1.4.1
    dev: false

  /tunnel-agent/0.6.0:
    resolution: {integrity: sha512-McnNiV1l8RYeY8tBgEpuodCC1mLUdbSN+CYBL7kJsJNInOP8UjDDEwdk6Mw60vdLLrr5NHKZhMAOSrR2NZuQ+w==}
    dependencies:
      safe-buffer: 5.2.1
    dev: false

  /tweetnacl/0.14.5:
    resolution: {integrity: sha512-KXXFFdAbFXY4geFIwoyNK+f5Z1b7swfXABfL7HXCmoIWMKU3dmS26672A4EeQtDzLKy7SXmfBu51JolvEKwtGA==}
    dev: false

  /uuid/3.4.0:
    resolution: {integrity: sha512-HjSDRw6gZE5JMggctHBcjVak08+KEVhSIiDzFnT9S9aegmp85S/bReBVTb4QTFaRNptJ9kuYaNhnbNEOkbKb/A==}
    deprecated: Please upgrade  to version 7 or higher.  Older versions may use Math.random() in certain circumstances, which is known to be problematic.  See https://v8.dev/blog/math-random for details.
    hasBin: true
    dev: false

  /verror/1.10.0:
    resolution: {integrity: sha512-ZZKSmDAEFOijERBLkmYfJ+vmk3w+7hOLYDNkRCuRuMJGEmqYNCNLyBBFwWKVMhfwaEF3WOd0Zlw86U/WC/+nYw==}
    engines: {'0': node >=0.6.0}
    dependencies:
      assert-plus: 1.0.0
      core-util-is: 1.0.2
      extsprintf: 1.3.0
    dev: false

  /wordwrap/1.0.0:
    resolution: {integrity: sha512-gvVzJFlPycKc5dZN4yPkP8w7Dc37BtP1yczEneOb4uq34pXZcvrtRTmWV8W+Ume+XCxKgbjM+nevkyFPMybd4Q==}
    dev: false

  /wrappy/1.0.2:
    resolution: {integrity: sha512-l4Sp/DRseor9wL6EvV2+TuQn63dMkPjZ/sp9XkghTEbV9KlPS1xUsZ3u7/IQO4wxtcFB4bgpQPRcR3QCvezPcQ==}
    dev: false
