{
    "_readme": [
        "This file locks the dependencies of your project to a known state",
        "Read more about it at https://getcomposer.org/doc/01-basic-usage.md#installing-dependencies",
        "This file is @generated automatically"
    ],
    "content-hash": "92d01b9defa1fb21092a7a8ab8531344",
    "packages": [
        {
            "name": "automattic/jetpack-autoloader",
            "version": "v2.9.1",
            "source": {
                "type": "git",
                "url": "https://github.com/Automattic/jetpack-autoloader.git",
                "reference": "d6ca2cc26ad6963e1be19b3338a9e98f40d9bd88"
            },
            "dist": {
                "type": "zip",
                "url": "https://api.github.com/repos/Automattic/jetpack-autoloader/zipball/d6ca2cc26ad6963e1be19b3338a9e98f40d9bd88",
                "reference": "d6ca2cc26ad6963e1be19b3338a9e98f40d9bd88",
                "shasum": ""
            },
            "require": {
                "composer-plugin-api": "^1.1 || ^2.0"
            },
            "require-dev": {
                "yoast/phpunit-polyfills": "0.2.0"
            },
            "type": "composer-plugin",
            "extra": {
                "class": "Automattic\\Jetpack\\Autoloader\\CustomAutoloaderPlugin",
                "mirror-repo": "Automattic/jetpack-autoloader"
            },
            "autoload": {
                "classmap": [
                    "src/AutoloadGenerator.php"
                ],
                "psr-4": {
                    "Automattic\\Jetpack\\Autoloader\\": "src"
                }
            },
            "notification-url": "https://packagist.org/downloads/",
            "license": [
                "GPL-2.0-or-later"
            ],
            "description": "Creates a custom autoloader for a plugin or theme.",
            "time": "2021-02-05T19:07:06+00:00"
        },
        {
            "name": "composer/installers",
            "version": "v1.10.0",
            "source": {
                "type": "git",
                "url": "https://github.com/composer/installers.git",
                "reference": "1a0357fccad9d1cc1ea0c9a05b8847fbccccb78d"
            },
            "dist": {
                "type": "zip",
                "url": "https://api.github.com/repos/composer/installers/zipball/1a0357fccad9d1cc1ea0c9a05b8847fbccccb78d",
                "reference": "1a0357fccad9d1cc1ea0c9a05b8847fbccccb78d",
                "shasum": ""
            },
            "require": {
                "composer-plugin-api": "^1.0 || ^2.0"
            },
            "replace": {
                "roundcube/plugin-installer": "*",
                "shama/baton": "*"
            },
            "require-dev": {
                "composer/composer": "1.6.* || ^2.0",
                "composer/semver": "^1 || ^3",
                "phpstan/phpstan": "^0.12.55",
                "phpstan/phpstan-phpunit": "^0.12.16",
                "symfony/phpunit-bridge": "^4.2 || ^5",
                "symfony/process": "^2.3"
            },
            "type": "composer-plugin",
            "extra": {
                "class": "Composer\\Installers\\Plugin",
                "branch-alias": {
                    "dev-main": "1.x-dev"
                }
            },
            "autoload": {
                "psr-4": {
                    "Composer\\Installers\\": "src/Composer/Installers"
                }
            },
            "notification-url": "https://packagist.org/downloads/",
            "license": [
                "MIT"
            ],
            "authors": [
                {
                    "name": "Kyle Robinson Young",
                    "email": "kyle@dontkry.com",
                    "homepage": "https://github.com/shama"
                }
            ],
            "description": "A multi-framework Composer library installer",
            "homepage": "https://composer.github.io/installers/",
            "keywords": [
                "Craft",
                "Dolibarr",
                "Eliasis",
                "Hurad",
                "ImageCMS",
                "Kanboard",
                "Lan Management System",
                "MODX Evo",
                "MantisBT",
                "Mautic",
                "Maya",
                "OXID",
                "Plentymarkets",
                "Porto",
                "RadPHP",
                "SMF",
                "Starbug",
                "Thelia",
                "Whmcs",
                "WolfCMS",
                "agl",
                "aimeos",
                "annotatecms",
                "attogram",
                "bitrix",
                "cakephp",
                "chef",
                "cockpit",
                "codeigniter",
                "concrete5",
                "croogo",
                "dokuwiki",
                "drupal",
                "eZ Platform",
                "elgg",
                "expressionengine",
                "fuelphp",
                "grav",
                "installer",
                "itop",
                "joomla",
                "known",
                "kohana",
                "laravel",
                "lavalite",
                "lithium",
                "magento",
                "majima",
                "mako",
                "mediawiki",
                "modulework",
                "modx",
                "moodle",
                "osclass",
                "phpbb",
                "piwik",
                "ppi",
                "processwire",
                "puppet",
                "pxcms",
                "reindex",
                "roundcube",
                "shopware",
                "silverstripe",
                "sydes",
                "sylius",
                "symfony",
                "typo3",
                "wordpress",
                "yawik",
                "zend",
                "zikula"
            ],
            "funding": [
                {
                    "url": "https://packagist.com",
                    "type": "custom"
                },
                {
                    "url": "https://github.com/composer",
                    "type": "github"
                },
                {
                    "url": "https://tidelift.com/funding/github/packagist/composer/composer",
                    "type": "tidelift"
                }
            ],
            "time": "2021-01-14T11:07:16+00:00"
        }
    ],
    "packages-dev": [
        {
            "name": "bamarni/composer-bin-plugin",
            "version": "1.4.1",
            "source": {
                "type": "git",
                "url": "https://github.com/bamarni/composer-bin-plugin.git",
                "reference": "9329fb0fbe29e0e1b2db8f4639a193e4f5406225"
            },
            "dist": {
                "type": "zip",
                "url": "https://api.github.com/repos/bamarni/composer-bin-plugin/zipball/9329fb0fbe29e0e1b2db8f4639a193e4f5406225",
                "reference": "9329fb0fbe29e0e1b2db8f4639a193e4f5406225",
                "shasum": ""
            },
            "require": {
                "composer-plugin-api": "^1.0 || ^2.0",
                "php": "^5.5.9 || ^7.0 || ^8.0"
            },
            "require-dev": {
                "composer/composer": "^1.0 || ^2.0",
                "symfony/console": "^2.5 || ^3.0 || ^4.0"
            },
            "type": "composer-plugin",
            "extra": {
                "class": "Bamarni\\Composer\\Bin\\Plugin"
            },
            "autoload": {
                "psr-4": {
                    "Bamarni\\Composer\\Bin\\": "src"
                }
            },
            "notification-url": "https://packagist.org/downloads/",
            "license": [
                "MIT"
            ],
            "description": "No conflicts for your bin dependencies",
            "keywords": [
                "composer",
                "conflict",
                "dependency",
                "executable",
                "isolation",
                "tool"
            ],
            "support": {
                "issues": "https://github.com/bamarni/composer-bin-plugin/issues",
                "source": "https://github.com/bamarni/composer-bin-plugin/tree/master"
            },
            "time": "2020-05-03T08:27:20+00:00"
        },
        {
            "name": "dealerdirect/phpcodesniffer-composer-installer",
            "version": "v0.7.0",
            "source": {
                "type": "git",
                "url": "https://github.com/Dealerdirect/phpcodesniffer-composer-installer.git",
                "reference": "e8d808670b8f882188368faaf1144448c169c0b7"
            },
            "dist": {
                "type": "zip",
                "url": "https://api.github.com/repos/Dealerdirect/phpcodesniffer-composer-installer/zipball/e8d808670b8f882188368faaf1144448c169c0b7",
                "reference": "e8d808670b8f882188368faaf1144448c169c0b7",
                "shasum": ""
            },
            "require": {
                "composer-plugin-api": "^1.0 || ^2.0",
                "php": ">=5.3",
                "squizlabs/php_codesniffer": "^2 || ^3 || 4.0.x-dev"
            },
            "require-dev": {
                "composer/composer": "*",
                "phpcompatibility/php-compatibility": "^9.0",
                "sensiolabs/security-checker": "^4.1.0"
            },
            "type": "composer-plugin",
            "extra": {
                "class": "Dealerdirect\\Composer\\Plugin\\Installers\\PHPCodeSniffer\\Plugin"
            },
            "autoload": {
                "psr-4": {
                    "Dealerdirect\\Composer\\Plugin\\Installers\\PHPCodeSniffer\\": "src/"
                }
            },
            "notification-url": "https://packagist.org/downloads/",
            "license": [
                "MIT"
            ],
            "authors": [
                {
                    "name": "Franck Nijhof",
                    "email": "franck.nijhof@dealerdirect.com",
                    "homepage": "http://www.frenck.nl",
                    "role": "Developer / IT Manager"
                }
            ],
            "description": "PHP_CodeSniffer Standards Composer Installer Plugin",
            "homepage": "http://www.dealerdirect.com",
            "keywords": [
                "PHPCodeSniffer",
                "PHP_CodeSniffer",
                "code quality",
                "codesniffer",
                "composer",
                "installer",
                "phpcs",
                "plugin",
                "qa",
                "quality",
                "standard",
                "standards",
                "style guide",
                "stylecheck",
                "tests"
            ],
            "support": {
                "issues": "https://github.com/dealerdirect/phpcodesniffer-composer-installer/issues",
                "source": "https://github.com/dealerdirect/phpcodesniffer-composer-installer"
            },
            "time": "2020-06-25T14:57:39+00:00"
        },
        {
            "name": "phpcompatibility/php-compatibility",
            "version": "9.3.5",
            "source": {
                "type": "git",
                "url": "https://github.com/PHPCompatibility/PHPCompatibility.git",
                "reference": "9fb324479acf6f39452e0655d2429cc0d3914243"
            },
            "dist": {
                "type": "zip",
                "url": "https://api.github.com/repos/PHPCompatibility/PHPCompatibility/zipball/9fb324479acf6f39452e0655d2429cc0d3914243",
                "reference": "9fb324479acf6f39452e0655d2429cc0d3914243",
                "shasum": ""
            },
            "require": {
                "php": ">=5.3",
                "squizlabs/php_codesniffer": "^2.3 || ^3.0.2"
            },
            "conflict": {
                "squizlabs/php_codesniffer": "2.6.2"
            },
            "require-dev": {
                "phpunit/phpunit": "~4.5 || ^5.0 || ^6.0 || ^7.0"
            },
            "suggest": {
                "dealerdirect/phpcodesniffer-composer-installer": "^0.5 || This Composer plugin will sort out the PHPCS 'installed_paths' automatically.",
                "roave/security-advisories": "dev-master || Helps prevent installing dependencies with known security issues."
            },
            "type": "phpcodesniffer-standard",
            "notification-url": "https://packagist.org/downloads/",
            "license": [
                "LGPL-3.0-or-later"
            ],
            "authors": [
                {
                    "name": "Wim Godden",
                    "homepage": "https://github.com/wimg",
                    "role": "lead"
                },
                {
                    "name": "Juliette Reinders Folmer",
                    "homepage": "https://github.com/jrfnl",
                    "role": "lead"
                },
                {
                    "name": "Contributors",
                    "homepage": "https://github.com/PHPCompatibility/PHPCompatibility/graphs/contributors"
                }
            ],
            "description": "A set of sniffs for PHP_CodeSniffer that checks for PHP cross-version compatibility.",
            "homepage": "http://techblog.wimgodden.be/tag/codesniffer/",
            "keywords": [
                "compatibility",
                "phpcs",
                "standards"
            ],
            "support": {
                "issues": "https://github.com/PHPCompatibility/PHPCompatibility/issues",
                "source": "https://github.com/PHPCompatibility/PHPCompatibility"
            },
            "time": "2019-12-27T09:44:58+00:00"
        },
        {
            "name": "phpcompatibility/phpcompatibility-paragonie",
            "version": "1.3.0",
            "source": {
                "type": "git",
                "url": "https://github.com/PHPCompatibility/PHPCompatibilityParagonie.git",
                "reference": "b862bc32f7e860d0b164b199bd995e690b4b191c"
            },
            "dist": {
                "type": "zip",
                "url": "https://api.github.com/repos/PHPCompatibility/PHPCompatibilityParagonie/zipball/b862bc32f7e860d0b164b199bd995e690b4b191c",
                "reference": "b862bc32f7e860d0b164b199bd995e690b4b191c",
                "shasum": ""
            },
            "require": {
                "phpcompatibility/php-compatibility": "^9.0"
            },
            "require-dev": {
                "dealerdirect/phpcodesniffer-composer-installer": "^0.5",
                "paragonie/random_compat": "dev-master",
                "paragonie/sodium_compat": "dev-master"
            },
            "suggest": {
                "dealerdirect/phpcodesniffer-composer-installer": "^0.5 || This Composer plugin will sort out the PHP_CodeSniffer 'installed_paths' automatically.",
                "roave/security-advisories": "dev-master || Helps prevent installing dependencies with known security issues."
            },
            "type": "phpcodesniffer-standard",
            "notification-url": "https://packagist.org/downloads/",
            "license": [
                "LGPL-3.0-or-later"
            ],
            "authors": [
                {
                    "name": "Wim Godden",
                    "role": "lead"
                },
                {
                    "name": "Juliette Reinders Folmer",
                    "role": "lead"
                }
            ],
            "description": "A set of rulesets for PHP_CodeSniffer to check for PHP cross-version compatibility issues in projects, while accounting for polyfills provided by the Paragonie polyfill libraries.",
            "homepage": "http://phpcompatibility.com/",
            "keywords": [
                "compatibility",
                "paragonie",
                "phpcs",
                "polyfill",
                "standards"
            ],
            "support": {
                "issues": "https://github.com/PHPCompatibility/PHPCompatibilityParagonie/issues",
                "source": "https://github.com/PHPCompatibility/PHPCompatibilityParagonie"
            },
            "time": "2019-11-04T15:17:54+00:00"
        },
        {
            "name": "phpcompatibility/phpcompatibility-wp",
            "version": "2.1.0",
            "source": {
                "type": "git",
                "url": "https://github.com/PHPCompatibility/PHPCompatibilityWP.git",
                "reference": "41bef18ba688af638b7310666db28e1ea9158b2f"
            },
            "dist": {
                "type": "zip",
                "url": "https://api.github.com/repos/PHPCompatibility/PHPCompatibilityWP/zipball/41bef18ba688af638b7310666db28e1ea9158b2f",
                "reference": "41bef18ba688af638b7310666db28e1ea9158b2f",
                "shasum": ""
            },
            "require": {
                "phpcompatibility/php-compatibility": "^9.0",
                "phpcompatibility/phpcompatibility-paragonie": "^1.0"
            },
            "require-dev": {
                "dealerdirect/phpcodesniffer-composer-installer": "^0.5"
            },
            "suggest": {
                "dealerdirect/phpcodesniffer-composer-installer": "^0.5 || This Composer plugin will sort out the PHP_CodeSniffer 'installed_paths' automatically.",
                "roave/security-advisories": "dev-master || Helps prevent installing dependencies with known security issues."
            },
            "type": "phpcodesniffer-standard",
            "notification-url": "https://packagist.org/downloads/",
            "license": [
                "LGPL-3.0-or-later"
            ],
            "authors": [
                {
                    "name": "Wim Godden",
                    "role": "lead"
                },
                {
                    "name": "Juliette Reinders Folmer",
                    "role": "lead"
                }
            ],
            "description": "A ruleset for PHP_CodeSniffer to check for PHP cross-version compatibility issues in projects, while accounting for polyfills provided by WordPress.",
            "homepage": "http://phpcompatibility.com/",
            "keywords": [
                "compatibility",
                "phpcs",
                "standards",
                "wordpress"
            ],
            "support": {
                "issues": "https://github.com/PHPCompatibility/PHPCompatibilityWP/issues",
                "source": "https://github.com/PHPCompatibility/PHPCompatibilityWP"
            },
            "time": "2019-08-28T14:22:28+00:00"
        },
        {
            "name": "slevomat/coding-standard",
            "version": "4.8.7",
            "source": {
                "type": "git",
                "url": "https://github.com/slevomat/coding-standard.git",
                "reference": "bff96313d8c7c2ba57a4edb13c1c141df8988c58"
            },
            "dist": {
                "type": "zip",
                "url": "https://api.github.com/repos/slevomat/coding-standard/zipball/bff96313d8c7c2ba57a4edb13c1c141df8988c58",
                "reference": "bff96313d8c7c2ba57a4edb13c1c141df8988c58",
                "shasum": ""
            },
            "require": {
                "php": "^7.1",
                "squizlabs/php_codesniffer": "^3.4.0"
            },
            "require-dev": {
                "jakub-onderka/php-parallel-lint": "1.0.0",
                "phing/phing": "2.16.1",
                "phpstan/phpstan": "0.9.2",
                "phpstan/phpstan-phpunit": "0.9.4",
                "phpstan/phpstan-strict-rules": "0.9",
                "phpunit/phpunit": "7.5.1"
            },
            "type": "phpcodesniffer-standard",
            "autoload": {
                "psr-4": {
                    "SlevomatCodingStandard\\": "SlevomatCodingStandard"
                }
            },
            "notification-url": "https://packagist.org/downloads/",
            "license": [
                "MIT"
            ],
            "description": "Slevomat Coding Standard for PHP_CodeSniffer complements Consistence Coding Standard by providing sniffs with additional checks.",
            "support": {
                "issues": "https://github.com/slevomat/coding-standard/issues",
                "source": "https://github.com/slevomat/coding-standard/tree/4.8.7"
            },
            "time": "2019-01-03T13:15:50+00:00"
        },
        {
            "name": "squizlabs/php_codesniffer",
            "version": "3.5.8",
            "source": {
                "type": "git",
                "url": "https://github.com/squizlabs/PHP_CodeSniffer.git",
                "reference": "9d583721a7157ee997f235f327de038e7ea6dac4"
            },
            "dist": {
                "type": "zip",
                "url": "https://api.github.com/repos/squizlabs/PHP_CodeSniffer/zipball/9d583721a7157ee997f235f327de038e7ea6dac4",
                "reference": "9d583721a7157ee997f235f327de038e7ea6dac4",
                "shasum": ""
            },
            "require": {
                "ext-simplexml": "*",
                "ext-tokenizer": "*",
                "ext-xmlwriter": "*",
                "php": ">=5.4.0"
            },
            "require-dev": {
                "phpunit/phpunit": "^4.0 || ^5.0 || ^6.0 || ^7.0"
            },
            "bin": [
                "bin/phpcs",
                "bin/phpcbf"
            ],
            "type": "library",
            "extra": {
                "branch-alias": {
                    "dev-master": "3.x-dev"
                }
            },
            "notification-url": "https://packagist.org/downloads/",
            "license": [
                "BSD-3-Clause"
            ],
            "authors": [
                {
                    "name": "Greg Sherwood",
                    "role": "lead"
                }
            ],
            "description": "PHP_CodeSniffer tokenizes PHP, JavaScript and CSS files and detects violations of a defined set of coding standards.",
            "homepage": "https://github.com/squizlabs/PHP_CodeSniffer",
            "keywords": [
                "phpcs",
                "standards"
            ],
            "support": {
                "issues": "https://github.com/squizlabs/PHP_CodeSniffer/issues",
                "source": "https://github.com/squizlabs/PHP_CodeSniffer",
                "wiki": "https://github.com/squizlabs/PHP_CodeSniffer/wiki"
            },
            "time": "2020-10-23T02:01:07+00:00"
        },
        {
            "name": "suin/phpcs-psr4-sniff",
            "version": "v2.2.1",
            "source": {
                "type": "git",
                "url": "https://github.com/suin/phpcs-psr4-sniff.git",
                "reference": "4849971d8693cffa4192c978e9cebdd7348d65aa"
            },
            "dist": {
                "type": "zip",
                "url": "https://api.github.com/repos/suin/phpcs-psr4-sniff/zipball/4849971d8693cffa4192c978e9cebdd7348d65aa",
                "reference": "4849971d8693cffa4192c978e9cebdd7348d65aa",
                "shasum": ""
            },
            "require": {
                "ext-json": "*",
                "php": ">=7.1",
                "slevomat/coding-standard": ">=4.7 <5.0.0",
                "squizlabs/php_codesniffer": ">=3.3 <4.0.0"
            },
            "type": "phpcodesniffer-standard",
            "autoload": {
                "psr-0": {
                    "Suin\\Sniffs\\Classes\\": "src"
                }
            },
            "notification-url": "https://packagist.org/downloads/",
            "license": [
                "MIT"
            ],
            "authors": [
                {
                    "name": "suin",
                    "email": "suinyeze@gmail.com",
                    "homepage": "https://github.com/suin",
                    "role": "Developer"
                }
            ],
            "description": "PHP_CodeSniffer sniff that checks class name matches PSR-4 project structure.",
            "homepage": "https://github.com/suin/php",
            "keywords": [
                "PSR-4",
                "coding-standards",
                "coding-style",
                "namespace",
                "php-codesniffer",
                "phpcs",
                "static-analysis"
            ],
            "time": "2020-12-02T02:12:18+00:00"
        },
        {
            "name": "woocommerce/woocommerce-sniffs",
            "version": "0.1.0",
            "source": {
                "type": "git",
                "url": "https://github.com/woocommerce/woocommerce-sniffs.git",
                "reference": "b72b7dd2e70aa6aed16f80cdae5b1e6cce2e4c79"
            },
            "dist": {
                "type": "zip",
                "url": "https://api.github.com/repos/woocommerce/woocommerce-sniffs/zipball/b72b7dd2e70aa6aed16f80cdae5b1e6cce2e4c79",
                "reference": "b72b7dd2e70aa6aed16f80cdae5b1e6cce2e4c79",
                "shasum": ""
            },
            "require": {
                "dealerdirect/phpcodesniffer-composer-installer": "0.7.0",
                "php": ">=7.0",
                "phpcompatibility/phpcompatibility-wp": "2.1.0",
                "wp-coding-standards/wpcs": "2.3.0"
            },
            "type": "phpcodesniffer-standard",
            "notification-url": "https://packagist.org/downloads/",
            "license": [
                "MIT"
            ],
            "authors": [
                {
                    "name": "Claudio Sanches",
                    "email": "claudio@automattic.com"
                }
            ],
            "description": "WooCommerce sniffs",
            "keywords": [
                "phpcs",
                "standards",
                "woocommerce",
                "wordpress"
            ],
            "support": {
                "issues": "https://github.com/woocommerce/woocommerce-sniffs/issues",
                "source": "https://github.com/woocommerce/woocommerce-sniffs/tree/master"
            },
            "time": "2020-08-06T18:23:45+00:00"
        },
        {
            "name": "wp-coding-standards/wpcs",
            "version": "2.3.0",
            "source": {
                "type": "git",
                "url": "https://github.com/WordPress/WordPress-Coding-Standards.git",
                "reference": "7da1894633f168fe244afc6de00d141f27517b62"
            },
            "dist": {
                "type": "zip",
                "url": "https://api.github.com/repos/WordPress/WordPress-Coding-Standards/zipball/7da1894633f168fe244afc6de00d141f27517b62",
                "reference": "7da1894633f168fe244afc6de00d141f27517b62",
                "shasum": ""
            },
            "require": {
                "php": ">=5.4",
                "squizlabs/php_codesniffer": "^3.3.1"
            },
            "require-dev": {
                "dealerdirect/phpcodesniffer-composer-installer": "^0.5 || ^0.6",
                "phpcompatibility/php-compatibility": "^9.0",
                "phpcsstandards/phpcsdevtools": "^1.0",
                "phpunit/phpunit": "^4.0 || ^5.0 || ^6.0 || ^7.0"
            },
            "suggest": {
                "dealerdirect/phpcodesniffer-composer-installer": "^0.6 || This Composer plugin will sort out the PHPCS 'installed_paths' automatically."
            },
            "type": "phpcodesniffer-standard",
            "notification-url": "https://packagist.org/downloads/",
            "license": [
                "MIT"
            ],
            "authors": [
                {
                    "name": "Contributors",
                    "homepage": "https://github.com/WordPress/WordPress-Coding-Standards/graphs/contributors"
                }
            ],
            "description": "PHP_CodeSniffer rules (sniffs) to enforce WordPress coding conventions",
            "keywords": [
                "phpcs",
                "standards",
                "wordpress"
            ],
            "support": {
                "issues": "https://github.com/WordPress/WordPress-Coding-Standards/issues",
                "source": "https://github.com/WordPress/WordPress-Coding-Standards",
                "wiki": "https://github.com/WordPress/WordPress-Coding-Standards/wiki"
            },
            "time": "2020-05-13T23:57:56+00:00"
        }
    ],
    "aliases": [],
    "minimum-stability": "dev",
    "stability-flags": [],
    "prefer-stable": true,
    "prefer-lowest": false,
    "platform": {
        "php": ">=7.0"
    },
    "platform-dev": [],
    "platform-overrides": {
        "php": "7.1"
    },
    "plugin-api-version": "2.0.0"
}
